// !$*UTF8*$!
{
	archiveVersion = 1;
	classes = {
	};
	objectVersion = 46;
	objects = {

/* Begin PBXBuildFile section */
		65D95DBF1371C9E000C81057 /* UIKit.framework in Frameworks */ = {isa = PBXBuildFile; fileRef = 65D95DBE1371C9E000C81057 /* UIKit.framework */; };
		65D95DC11371C9E000C81057 /* Foundation.framework in Frameworks */ = {isa = PBXBuildFile; fileRef = 65D95DC01371C9E000C81057 /* Foundation.framework */; };
		65D95DC31371C9E000C81057 /* CoreGraphics.framework in Frameworks */ = {isa = PBXBuildFile; fileRef = 65D95DC21371C9E000C81057 /* CoreGraphics.framework */; };
		65D95DC91371C9E000C81057 /* InfoPlist.strings in Resources */ = {isa = PBXBuildFile; fileRef = 65D95DC71371C9E000C81057 /* InfoPlist.strings */; };
		65D95DCC1371C9E000C81057 /* main.m in Sources */ = {isa = PBXBuildFile; fileRef = 65D95DCB1371C9E000C81057 /* main.m */; };
		65D95DCF1371C9E000C81057 /* calcAppDelegate.m in Sources */ = {isa = PBXBuildFile; fileRef = 65D95DCE1371C9E000C81057 /* calcAppDelegate.m */; };
		65D95DD21371C9E000C81057 /* MainWindow.xib in Resources */ = {isa = PBXBuildFile; fileRef = 65D95DD01371C9E000C81057 /* MainWindow.xib */; };
		65D95DD51371C9E000C81057 /* calcViewController.m in Sources */ = {isa = PBXBuildFile; fileRef = 65D95DD41371C9E000C81057 /* calcViewController.m */; };
		65D95DD81371C9E000C81057 /* calcViewController.xib in Resources */ = {isa = PBXBuildFile; fileRef = 65D95DD61371C9E000C81057 /* calcViewController.xib */; };
/* End PBXBuildFile section */

/* Begin PBXFileReference section */
		65D95DBA1371C9E000C81057 /* calc.app */ = {isa = PBXFileReference; explicitFileType = wrapper.application; includeInIndex = 0; path = calc.app; sourceTree = BUILT_PRODUCTS_DIR; };
		65D95DBE1371C9E000C81057 /* UIKit.framework */ = {isa = PBXFileReference; lastKnownFileType = wrapper.framework; name = UIKit.framework; path = System/Library/Frameworks/UIKit.framework; sourceTree = SDKROOT; };
		65D95DC01371C9E000C81057 /* Foundation.framework */ = {isa = PBXFileReference; lastKnownFileType = wrapper.framework; name = Foundation.framework; path = System/Library/Frameworks/Foundation.framework; sourceTree = SDKROOT; };
		65D95DC21371C9E000C81057 /* CoreGraphics.framework */ = {isa = PBXFileReference; lastKnownFileType = wrapper.framework; name = CoreGraphics.framework; path = System/Library/Frameworks/CoreGraphics.framework; sourceTree = SDKROOT; };
		65D95DC61371C9E000C81057 /* calc-Info.plist */ = {isa = PBXFileReference; path = "calc-Info.plist"; sourceTree = "<group>"; };
		65D95DC81371C9E000C81057 /* en */ = {isa = PBXFileReference; lastKnownFileType = text.plist.strings; name = en; path = en.lproj/InfoPlist.strings; sourceTree = "<group>"; };
		65D95DCA1371C9E000C81057 /* calc-Prefix.pch */ = {isa = PBXFileReference; path = "calc-Prefix.pch"; sourceTree = "<group>"; };
		65D95DCB1371C9E000C81057 /* main.m */ = {isa = PBXFileReference; lastKnownFileType = sourcecode.c.objc; path = main.m; sourceTree = "<group>"; };
		65D95DCD1371C9E000C81057 /* calcAppDelegate.h */ = {isa = PBXFileReference; path = calcAppDelegate.h; sourceTree = "<group>"; };
		65D95DCE1371C9E000C81057 /* calcAppDelegate.m */ = {isa = PBXFileReference; lastKnownFileType = sourcecode.c.objc; path = calcAppDelegate.m; sourceTree = "<group>"; };
		65D95DD11371C9E000C81057 /* en */ = {isa = PBXFileReference; lastKnownFileType = file.xib; name = en; path = en.lproj/MainWindow.xib; sourceTree = "<group>"; };
		65D95DD31371C9E000C81057 /* calcViewController.h */ = {isa = PBXFileReference; path = calcViewController.h; sourceTree = "<group>"; };
		65D95DD41371C9E000C81057 /* calcViewController.m */ = {isa = PBXFileReference; lastKnownFileType = sourcecode.c.objc; path = calcViewController.m; sourceTree = "<group>"; };
		65D95DD71371C9E000C81057 /* en */ = {isa = PBXFileReference; lastKnownFileType = file.xib; name = en; path = en.lproj/calcViewController.xib; sourceTree = "<group>"; };
/* End PBXFileReference section */

/* Begin PBXFrameworksBuildPhase section */
		65D95DB71371C9E000C81057 /* Frameworks */ = {
			isa = PBXFrameworksBuildPhase;
			buildActionMask = 2147483647;
			files = (
				65D95DBF1371C9E000C81057 /* UIKit.framework in Frameworks */,
				65D95DC11371C9E000C81057 /* Foundation.framework in Frameworks */,
				65D95DC31371C9E000C81057 /* CoreGraphics.framework in Frameworks */,
			);
			runOnlyForDeploymentPostprocessing = 0;
		};
/* End PBXFrameworksBuildPhase section */

/* Begin PBXGroup section */
		65D95DAF1371C9E000C81057 = {
			isa = PBXGroup;
			children = (
				65D95DC41371C9E000C81057 /* calc */,
				65D95DBD1371C9E000C81057 /* Frameworks */,
				65D95DBB1371C9E000C81057 /* Products */,
			);
			sourceTree = "<group>";
		};
		65D95DBB1371C9E000C81057 /* Products */ = {
			isa = PBXGroup;
			children = (
				65D95DBA1371C9E000C81057 /* calc.app */,
			);
			name = Products;
			sourceTree = "<group>";
		};
		65D95DBD1371C9E000C81057 /* Frameworks */ = {
			isa = PBXGroup;
			children = (
				65D95DBE1371C9E000C81057 /* UIKit.framework */,
				65D95DC01371C9E000C81057 /* Foundation.framework */,
				65D95DC21371C9E000C81057 /* CoreGraphics.framework */,
			);
			name = Frameworks;
			sourceTree = "<group>";
		};
		65D95DC41371C9E000C81057 /* calc */ = {
			isa = PBXGroup;
			children = (
				65D95DCD1371C9E000C81057 /* calcAppDelegate.h */,
				65D95DCE1371C9E000C81057 /* calcAppDelegate.m */,
				65D95DD01371C9E000C81057 /* MainWindow.xib */,
				65D95DD31371C9E000C81057 /* calcViewController.h */,
				65D95DD41371C9E000C81057 /* calcViewController.m */,
				65D95DD61371C9E000C81057 /* calcViewController.xib */,
				65D95DC51371C9E000C81057 /* Supporting Files */,
			);
			path = calc;
			sourceTree = "<group>";
		};
		65D95DC51371C9E000C81057 /* Supporting Files */ = {
			isa = PBXGroup;
			children = (
				65D95DC61371C9E000C81057 /* calc-Info.plist */,
				65D95DC71371C9E000C81057 /* InfoPlist.strings */,
				65D95DCA1371C9E000C81057 /* calc-Prefix.pch */,
				65D95DCB1371C9E000C81057 /* main.m */,
			);
			name = "Supporting Files";
			sourceTree = "<group>";
		};
/* End PBXGroup section */

/* Begin PBXNativeTarget section */
		65D95DB91371C9E000C81057 /* calc */ = {
			isa = PBXNativeTarget;
			buildConfigurationList = 65D95DDB1371C9E000C81057 /* Build configuration list for PBXNativeTarget "calc" */;
			buildPhases = (
				65D95DB61371C9E000C81057 /* Sources */,
				65D95DB71371C9E000C81057 /* Frameworks */,
				65D95DB81371C9E000C81057 /* Resources */,
			);
			buildRules = (
			);
			dependencies = (
			);
			name = calc;
			productName = calc;
			productReference = 65D95DBA1371C9E000C81057 /* calc.app */;
			productType = "com.apple.product-type.application";
		};
/* End PBXNativeTarget section */

/* Begin PBXProject section */
		65D95DB11371C9E000C81057 /* Project object */ = {
			isa = PBXProject;
			buildConfigurationList = 65D95DB41371C9E000C81057 /* Build configuration list for PBXProject "calc" */;
			compatibilityVersion = "Xcode 3.2";
			developmentRegion = English;
			hasScannedForEncodings = 0;
			knownRegions = (
				en,
			);
			mainGroup = 65D95DAF1371C9E000C81057;
			productRefGroup = 65D95DBB1371C9E000C81057 /* Products */;
			projectDirPath = "";
			projectRoot = "";
			targets = (
				65D95DB91371C9E000C81057 /* calc */,
			);
		};
/* End PBXProject section */

/* Begin PBXResourcesBuildPhase section */
		65D95DB81371C9E000C81057 /* Resources */ = {
			isa = PBXResourcesBuildPhase;
			buildActionMask = 2147483647;
			files = (
				65D95DC91371C9E000C81057 /* InfoPlist.strings in Resources */,
				65D95DD21371C9E000C81057 /* MainWindow.xib in Resources */,
				65D95DD81371C9E000C81057 /* calcViewController.xib in Resources */,
			);
			runOnlyForDeploymentPostprocessing = 0;
		};
/* End PBXResourcesBuildPhase section */

/* Begin PBXSourcesBuildPhase section */
		65D95DB61371C9E000C81057 /* Sources */ = {
			isa = PBXSourcesBuildPhase;
			buildActionMask = 2147483647;
			files = (
				65D95DCC1371C9E000C81057 /* main.m in Sources */,
				65D95DCF1371C9E000C81057 /* calcAppDelegate.m in Sources */,
				65D95DD51371C9E000C81057 /* calcViewController.m in Sources */,
			);
			runOnlyForDeploymentPostprocessing = 0;
		};
/* End PBXSourcesBuildPhase section */

/* Begin PBXVariantGroup section */
		65D95DC71371C9E000C81057 /* InfoPlist.strings */ = {
			isa = PBXVariantGroup;
			children = (
				65D95DC81371C9E000C81057 /* en */,
			);
			name = InfoPlist.strings;
			sourceTree = "<group>";
		};
		65D95DD01371C9E000C81057 /* MainWindow.xib */ = {
			isa = PBXVariantGroup;
			children = (
				65D95DD11371C9E000C81057 /* en */,
			);
			name = MainWindow.xib;
			sourceTree = "<group>";
		};
		65D95DD61371C9E000C81057 /* calcViewController.xib */ = {
			isa = PBXVariantGroup;
			children = (
				65D95DD71371C9E000C81057 /* en */,
			);
			name = calcViewController.xib;
			sourceTree = "<group>";
		};
/* End PBXVariantGroup section */

/* Begin XCBuildConfiguration section */
		65D95DD91371C9E000C81057 /* Debug */ = {
			isa = XCBuildConfiguration;
			buildSettings = {
				ARCHS = "$(ARCHS_STANDARD_32_BIT)";
				"CODE_SIGN_IDENTITY[sdk=iphoneos*]" = "iPhone Developer";
				GCC_C_LANGUAGE_STANDARD = gnu99;
				GCC_OPTIMIZATION_LEVEL = 0;
				GCC_PREPROCESSOR_DEFINITIONS = DEBUG;
				GCC_SYMBOLS_PRIVATE_EXTERN = NO;
				GCC_VERSION = com.apple.compilers.llvmgcc42;
				GCC_WARN_ABOUT_RETURN_TYPE = YES;
				GCC_WARN_UNUSED_VARIABLE = YES;
				IPHONEOS_DEPLOYMENT_TARGET = 4.3;
				SDKROOT = iphoneos;
			};
			name = Debug;
		};
		65D95DDA1371C9E000C81057 /* Release */ = {
			isa = XCBuildConfiguration;
			buildSettings = {
				ARCHS = "$(ARCHS_STANDARD_32_BIT)";
				"CODE_SIGN_IDENTITY[sdk=iphoneos*]" = "iPhone Developer";
				GCC_C_LANGUAGE_STANDARD = gnu99;
				GCC_VERSION = com.apple.compilers.llvmgcc42;
				GCC_WARN_ABOUT_RETURN_TYPE = YES;
				GCC_WARN_UNUSED_VARIABLE = YES;
				IPHONEOS_DEPLOYMENT_TARGET = 4.3;
				OTHER_CFLAGS = "-DNS_BLOCK_ASSERTIONS=1";
				SDKROOT = iphoneos;
			};
			name = Release;
		};
		65D95DDC1371C9E000C81057 /* Debug */ = {
			isa = XCBuildConfiguration;
			buildSettings = {
				ALWAYS_SEARCH_USER_PATHS = NO;
				COPY_PHASE_STRIP = NO;
				GCC_DYNAMIC_NO_PIC = NO;
				GCC_PRECOMPILE_PREFIX_HEADER = YES;
				GCC_PREFIX_HEADER = "calc/calc-Prefix.pch";
				INFOPLIST_FILE = "calc/calc-Info.plist";
				PRODUCT_NAME = "$(TARGET_NAME)";
				WRAPPER_EXTENSION = app;
			};
			name = Debug;
		};
		65D95DDD1371C9E000C81057 /* Release */ = {
			isa = XCBuildConfiguration;
			buildSettings = {
				ALWAYS_SEARCH_USER_PATHS = NO;
				COPY_PHASE_STRIP = YES;
				GCC_PRECOMPILE_PREFIX_HEADER = YES;
				GCC_PREFIX_HEADER = "calc/calc-Prefix.pch";
				INFOPLIST_FILE = "calc/calc-Info.plist";
				PRODUCT_NAME = "$(TARGET_NAME)";
				VALIDATE_PRODUCT = YES;
				WRAPPER_EXTENSION = app;
			};
			name = Release;
		};
/* End XCBuildConfiguration section */

/* Begin XCConfigurationList section */
		65D95DB41371C9E000C81057 /* Build configuration list for PBXProject "calc" */ = {
			isa = XCConfigurationList;
			buildConfigurations = (
				65D95DD91371C9E000C81057 /* Debug */,
				65D95DDA1371C9E000C81057 /* Release */,
			);
			defaultConfigurationIsVisible = 0;
			defaultConfigurationName = Release;
		};
		65D95DDB1371C9E000C81057 /* Build configuration list for PBXNativeTarget "calc" */ = {
			isa = XCConfigurationList;
			buildConfigurations = (
				65D95DDC1371C9E000C81057 /* Debug */,
				65D95DDD1371C9E000C81057 /* Release */,
			);
			defaultConfigurationIsVisible = 0;
		};
/* End XCConfigurationList section */
	};
	rootObject = 65D95DB11371C9E000C81057 /* Project object */;
}
